// !$*UTF8*$!
{
	archiveVersion = 1;
	classes = {
	};
	objectVersion = 51;
	objects = {

/* Begin PBXBuildFile section */
		0D6F53E1B77E51BFA7EF5A20 /* Pods_holidayCheckListTests.framework in Frameworks */ = {isa = PBXBuildFile; fileRef = 2AFBE7D164D5B084451BE758 /* Pods_holidayCheckListTests.framework */; };
		4EB45FA9256DC4DB00A9D20D /* Category.swift in Sources */ = {isa = PBXBuildFile; fileRef = 4EB45FA8256DC4DB00A9D20D /* Category.swift */; };
		4EE468B2256DA73B001CFC8E /* AppDelegate.swift in Sources */ = {isa = PBXBuildFile; fileRef = 4EE468B1256DA73B001CFC8E /* AppDelegate.swift */; };
		4EE468B4256DA73B001CFC8E /* SceneDelegate.swift in Sources */ = {isa = PBXBuildFile; fileRef = 4EE468B3256DA73B001CFC8E /* SceneDelegate.swift */; };
		4EE468B6256DA73B001CFC8E /* ViewController.swift in Sources */ = {isa = PBXBuildFile; fileRef = 4EE468B5256DA73B001CFC8E /* ViewController.swift */; };
		4EE468B9256DA73B001CFC8E /* Main.storyboard in Resources */ = {isa = PBXBuildFile; fileRef = 4EE468B7256DA73B001CFC8E /* Main.storyboard */; };
		4EE468BB256DA73E001CFC8E /* Assets.xcassets in Resources */ = {isa = PBXBuildFile; fileRef = 4EE468BA256DA73E001CFC8E /* Assets.xcassets */; };
		4EE468BE256DA73E001CFC8E /* LaunchScreen.storyboard in Resources */ = {isa = PBXBuildFile; fileRef = 4EE468BC256DA73E001CFC8E /* LaunchScreen.storyboard */; };
		4EE468C9256DA73E001CFC8E /* holidayCheckListTests.swift in Sources */ = {isa = PBXBuildFile; fileRef = 4EE468C8256DA73E001CFC8E /* holidayCheckListTests.swift */; };
		4EE468D4256DA73E001CFC8E /* holidayCheckListUITests.swift in Sources */ = {isa = PBXBuildFile; fileRef = 4EE468D3256DA73E001CFC8E /* holidayCheckListUITests.swift */; };
		4EE468EF256DAD01001CFC8E /* Item.swift in Sources */ = {isa = PBXBuildFile; fileRef = 4EE468EE256DAD01001CFC8E /* Item.swift */; };
		4EE468F7256DAE70001CFC8E /* CategoryTableViewController.swift in Sources */ = {isa = PBXBuildFile; fileRef = 4EE468F6256DAE70001CFC8E /* CategoryTableViewController.swift */; };
		4EE468FC256DAE82001CFC8E /* SwipeTableViewController.swift in Sources */ = {isa = PBXBuildFile; fileRef = 4EE468FB256DAE82001CFC8E /* SwipeTableViewController.swift */; };
		B3D322C7CBC04C3D81C8B7CD /* Pods_holidayCheckList_holidayCheckListUITests.framework in Frameworks */ = {isa = PBXBuildFile; fileRef = 386640024B69843435265F91 /* Pods_holidayCheckList_holidayCheckListUITests.framework */; };
		DB0EFDF6B2F0B6B7D21B1417 /* Pods_holidayCheckList.framework in Frameworks */ = {isa = PBXBuildFile; fileRef = E0184B30236D57C6D0D0BACF /* Pods_holidayCheckList.framework */; };
/* End PBXBuildFile section */

/* Begin PBXContainerItemProxy section */
		4EE468C5256DA73E001CFC8E /* PBXContainerItemProxy */ = {
			isa = PBXContainerItemProxy;
			containerPortal = 4EE468A6256DA73B001CFC8E /* Project object */;
			proxyType = 1;
			remoteGlobalIDString = 4EE468AD256DA73B001CFC8E;
			remoteInfo = holidayCheckList;
		};
		4EE468D0256DA73E001CFC8E /* PBXContainerItemProxy */ = {
			isa = PBXContainerItemProxy;
			containerPortal = 4EE468A6256DA73B001CFC8E /* Project object */;
			proxyType = 1;
			remoteGlobalIDString = 4EE468AD256DA73B001CFC8E;
			remoteInfo = holidayCheckList;
		};
/* End PBXContainerItemProxy section */

/* Begin PBXFileReference section */
		03DC887CBF2FB561118914D3 /* Pods-holidayCheckList-holidayCheckListUITests.debug.xcconfig */ = {isa = PBXFileReference; includeInIndex = 1; lastKnownFileType = text.xcconfig; name = "Pods-holidayCheckList-holidayCheckListUITests.debug.xcconfig"; path = "Target Support Files/Pods-holidayCheckList-holidayCheckListUITests/Pods-holidayCheckList-holidayCheckListUITests.debug.xcconfig"; sourceTree = "<group>"; };
		294126773BA9C8A529ADDE16 /* Pods-holidayCheckList-holidayCheckListUITests.release.xcconfig */ = {isa = PBXFileReference; includeInIndex = 1; lastKnownFileType = text.xcconfig; name = "Pods-holidayCheckList-holidayCheckListUITests.release.xcconfig"; path = "Target Support Files/Pods-holidayCheckList-holidayCheckListUITests/Pods-holidayCheckList-holidayCheckListUITests.release.xcconfig"; sourceTree = "<group>"; };
		2AFBE7D164D5B084451BE758 /* Pods_holidayCheckListTests.framework */ = {isa = PBXFileReference; explicitFileType = wrapper.framework; includeInIndex = 0; path = Pods_holidayCheckListTests.framework; sourceTree = BUILT_PRODUCTS_DIR; };
		2ECEFE87AC34AB59CF2DFDF4 /* Pods-holidayCheckList.release.xcconfig */ = {isa = PBXFileReference; includeInIndex = 1; lastKnownFileType = text.xcconfig; name = "Pods-holidayCheckList.release.xcconfig"; path = "Target Support Files/Pods-holidayCheckList/Pods-holidayCheckList.release.xcconfig"; sourceTree = "<group>"; };
		386640024B69843435265F91 /* Pods_holidayCheckList_holidayCheckListUITests.framework */ = {isa = PBXFileReference; explicitFileType = wrapper.framework; includeInIndex = 0; path = Pods_holidayCheckList_holidayCheckListUITests.framework; sourceTree = BUILT_PRODUCTS_DIR; };
		4EB45FA8256DC4DB00A9D20D /* Category.swift */ = {isa = PBXFileReference; lastKnownFileType = sourcecode.swift; path = Category.swift; sourceTree = "<group>"; };
		4EE468AE256DA73B001CFC8E /* holidayCheckList.app */ = {isa = PBXFileReference; explicitFileType = wrapper.application; includeInIndex = 0; path = holidayCheckList.app; sourceTree = BUILT_PRODUCTS_DIR; };
		4EE468B1256DA73B001CFC8E /* AppDelegate.swift */ = {isa = PBXFileReference; lastKnownFileType = sourcecode.swift; path = AppDelegate.swift; sourceTree = "<group>"; };
		4EE468B3256DA73B001CFC8E /* SceneDelegate.swift */ = {isa = PBXFileReference; lastKnownFileType = sourcecode.swift; path = SceneDelegate.swift; sourceTree = "<group>"; };
		4EE468B5256DA73B001CFC8E /* ViewController.swift */ = {isa = PBXFileReference; lastKnownFileType = sourcecode.swift; path = ViewController.swift; sourceTree = "<group>"; };
		4EE468B8256DA73B001CFC8E /* Base */ = {isa = PBXFileReference; lastKnownFileType = file.storyboard; name = Base; path = Base.lproj/Main.storyboard; sourceTree = "<group>"; };
		4EE468BA256DA73E001CFC8E /* Assets.xcassets */ = {isa = PBXFileReference; lastKnownFileType = folder.assetcatalog; path = Assets.xcassets; sourceTree = "<group>"; };
		4EE468BD256DA73E001CFC8E /* Base */ = {isa = PBXFileReference; lastKnownFileType = file.storyboard; name = Base; path = Base.lproj/LaunchScreen.storyboard; sourceTree = "<group>"; };
		4EE468BF256DA73E001CFC8E /* Info.plist */ = {isa = PBXFileReference; lastKnownFileType = text.plist.xml; path = Info.plist; sourceTree = "<group>"; };
		4EE468C4256DA73E001CFC8E /* holidayCheckListTests.xctest */ = {isa = PBXFileReference; explicitFileType = wrapper.cfbundle; includeInIndex = 0; path = holidayCheckListTests.xctest; sourceTree = BUILT_PRODUCTS_DIR; };
		4EE468C8256DA73E001CFC8E /* holidayCheckListTests.swift */ = {isa = PBXFileReference; lastKnownFileType = sourcecode.swift; path = holidayCheckListTests.swift; sourceTree = "<group>"; };
		4EE468CA256DA73E001CFC8E /* Info.plist */ = {isa = PBXFileReference; lastKnownFileType = text.plist.xml; path = Info.plist; sourceTree = "<group>"; };
		4EE468CF256DA73E001CFC8E /* holidayCheckListUITests.xctest */ = {isa = PBXFileReference; explicitFileType = wrapper.cfbundle; includeInIndex = 0; path = holidayCheckListUITests.xctest; sourceTree = BUILT_PRODUCTS_DIR; };
		4EE468D3256DA73E001CFC8E /* holidayCheckListUITests.swift */ = {isa = PBXFileReference; lastKnownFileType = sourcecode.swift; path = holidayCheckListUITests.swift; sourceTree = "<group>"; };
		4EE468D5256DA73E001CFC8E /* Info.plist */ = {isa = PBXFileReference; lastKnownFileType = text.plist.xml; path = Info.plist; sourceTree = "<group>"; };
		4EE468EE256DAD01001CFC8E /* Item.swift */ = {isa = PBXFileReference; lastKnownFileType = sourcecode.swift; path = Item.swift; sourceTree = "<group>"; };
		4EE468F6256DAE70001CFC8E /* CategoryTableViewController.swift */ = {isa = PBXFileReference; lastKnownFileType = sourcecode.swift; path = CategoryTableViewController.swift; sourceTree = "<group>"; };
		4EE468FB256DAE82001CFC8E /* SwipeTableViewController.swift */ = {isa = PBXFileReference; lastKnownFileType = sourcecode.swift; path = SwipeTableViewController.swift; sourceTree = "<group>"; };
		8796FD04556F6F06BAEA5929 /* Pods-holidayCheckListTests.debug.xcconfig */ = {isa = PBXFileReference; includeInIndex = 1; lastKnownFileType = text.xcconfig; name = "Pods-holidayCheckListTests.debug.xcconfig"; path = "Target Support Files/Pods-holidayCheckListTests/Pods-holidayCheckListTests.debug.xcconfig"; sourceTree = "<group>"; };
		B2D48DDAA19077A647CB0BFE /* Pods-holidayCheckList.debug.xcconfig */ = {isa = PBXFileReference; includeInIndex = 1; lastKnownFileType = text.xcconfig; name = "Pods-holidayCheckList.debug.xcconfig"; path = "Target Support Files/Pods-holidayCheckList/Pods-holidayCheckList.debug.xcconfig"; sourceTree = "<group>"; };
		E0184B30236D57C6D0D0BACF /* Pods_holidayCheckList.framework */ = {isa = PBXFileReference; explicitFileType = wrapper.framework; includeInIndex = 0; path = Pods_holidayCheckList.framework; sourceTree = BUILT_PRODUCTS_DIR; };
		E78BFD0EF57556AFE22C3625 /* Pods-holidayCheckListTests.release.xcconfig */ = {isa = PBXFileReference; includeInIndex = 1; lastKnownFileType = text.xcconfig; name = "Pods-holidayCheckListTests.release.xcconfig"; path = "Target Support Files/Pods-holidayCheckListTests/Pods-holidayCheckListTests.release.xcconfig"; sourceTree = "<group>"; };
/* End PBXFileReference section */

/* Begin PBXFrameworksBuildPhase section */
		4EE468AB256DA73B001CFC8E /* Frameworks */ = {
			isa = PBXFrameworksBuildPhase;
			buildActionMask = 2147483647;
			files = (
				DB0EFDF6B2F0B6B7D21B1417 /* Pods_holidayCheckList.framework in Frameworks */,
			);
			runOnlyForDeploymentPostprocessing = 0;
		};
		4EE468C1256DA73E001CFC8E /* Frameworks */ = {
			isa = PBXFrameworksBuildPhase;
			buildActionMask = 2147483647;
			files = (
				0D6F53E1B77E51BFA7EF5A20 /* Pods_holidayCheckListTests.framework in Frameworks */,
			);
			runOnlyForDeploymentPostprocessing = 0;
		};
		4EE468CC256DA73E001CFC8E /* Frameworks */ = {
			isa = PBXFrameworksBuildPhase;
			buildActionMask = 2147483647;
			files = (
				B3D322C7CBC04C3D81C8B7CD /* Pods_holidayCheckList_holidayCheckListUITests.framework in Frameworks */,
			);
			runOnlyForDeploymentPostprocessing = 0;
		};
/* End PBXFrameworksBuildPhase section */

/* Begin PBXGroup section */
		4EE468A5256DA73B001CFC8E = {
			isa = PBXGroup;
			children = (
				4EE468B0256DA73B001CFC8E /* holidayCheckList */,
				4EE468C7256DA73E001CFC8E /* holidayCheckListTests */,
				4EE468D2256DA73E001CFC8E /* holidayCheckListUITests */,
				4EE468AF256DA73B001CFC8E /* Products */,
				EABDB325AF266FAF90CA05A1 /* Pods */,
				CF0D761FCCBAB9F831468DD6 /* Frameworks */,
			);
			sourceTree = "<group>";
		};
		4EE468AF256DA73B001CFC8E /* Products */ = {
			isa = PBXGroup;
			children = (
				4EE468AE256DA73B001CFC8E /* holidayCheckList.app */,
				4EE468C4256DA73E001CFC8E /* holidayCheckListTests.xctest */,
				4EE468CF256DA73E001CFC8E /* holidayCheckListUITests.xctest */,
			);
			name = Products;
			sourceTree = "<group>";
		};
		4EE468B0256DA73B001CFC8E /* holidayCheckList */ = {
			isa = PBXGroup;
			children = (
				4EE468B1256DA73B001CFC8E /* AppDelegate.swift */,
				4EE468EA256DAC94001CFC8E /* Data Model */,
				4EE468EB256DACA0001CFC8E /* Views */,
				4EE468EC256DACA8001CFC8E /* Controllers */,
				4EE468B3256DA73B001CFC8E /* SceneDelegate.swift */,
				4EE468ED256DACB0001CFC8E /* Supporting Files */,
				4EE468BF256DA73E001CFC8E /* Info.plist */,
			);
			path = holidayCheckList;
			sourceTree = "<group>";
		};
		4EE468C7256DA73E001CFC8E /* holidayCheckListTests */ = {
			isa = PBXGroup;
			children = (
				4EE468C8256DA73E001CFC8E /* holidayCheckListTests.swift */,
				4EE468CA256DA73E001CFC8E /* Info.plist */,
			);
			path = holidayCheckListTests;
			sourceTree = "<group>";
		};
		4EE468D2256DA73E001CFC8E /* holidayCheckListUITests */ = {
			isa = PBXGroup;
			children = (
				4EE468D3256DA73E001CFC8E /* holidayCheckListUITests.swift */,
				4EE468D5256DA73E001CFC8E /* Info.plist */,
			);
			path = holidayCheckListUITests;
			sourceTree = "<group>";
		};
		4EE468EA256DAC94001CFC8E /* Data Model */ = {
			isa = PBXGroup;
			children = (
				4EB45FA8256DC4DB00A9D20D /* Category.swift */,
				4EE468EE256DAD01001CFC8E /* Item.swift */,
			);
			path = "Data Model";
			sourceTree = "<group>";
		};
		4EE468EB256DACA0001CFC8E /* Views */ = {
			isa = PBXGroup;
			children = (
				4EE468B7256DA73B001CFC8E /* Main.storyboard */,
			);
			path = Views;
			sourceTree = "<group>";
		};
		4EE468EC256DACA8001CFC8E /* Controllers */ = {
			isa = PBXGroup;
			children = (
				4EE468B5256DA73B001CFC8E /* ViewController.swift */,
				4EE468F6256DAE70001CFC8E /* CategoryTableViewController.swift */,
				4EE468FB256DAE82001CFC8E /* SwipeTableViewController.swift */,
			);
			path = Controllers;
			sourceTree = "<group>";
		};
		4EE468ED256DACB0001CFC8E /* Supporting Files */ = {
			isa = PBXGroup;
			children = (
				4EE468BA256DA73E001CFC8E /* Assets.xcassets */,
				4EE468BC256DA73E001CFC8E /* LaunchScreen.storyboard */,
			);
			path = "Supporting Files";
			sourceTree = "<group>";
		};
		CF0D761FCCBAB9F831468DD6 /* Frameworks */ = {
			isa = PBXGroup;
			children = (
				E0184B30236D57C6D0D0BACF /* Pods_holidayCheckList.framework */,
				386640024B69843435265F91 /* Pods_holidayCheckList_holidayCheckListUITests.framework */,
				2AFBE7D164D5B084451BE758 /* Pods_holidayCheckListTests.framework */,
			);
			name = Frameworks;
			sourceTree = "<group>";
		};
		EABDB325AF266FAF90CA05A1 /* Pods */ = {
			isa = PBXGroup;
			children = (
				B2D48DDAA19077A647CB0BFE /* Pods-holidayCheckList.debug.xcconfig */,
				2ECEFE87AC34AB59CF2DFDF4 /* Pods-holidayCheckList.release.xcconfig */,
				03DC887CBF2FB561118914D3 /* Pods-holidayCheckList-holidayCheckListUITests.debug.xcconfig */,
				294126773BA9C8A529ADDE16 /* Pods-holidayCheckList-holidayCheckListUITests.release.xcconfig */,
				8796FD04556F6F06BAEA5929 /* Pods-holidayCheckListTests.debug.xcconfig */,
				E78BFD0EF57556AFE22C3625 /* Pods-holidayCheckListTests.release.xcconfig */,
			);
			path = Pods;
			sourceTree = "<group>";
		};
/* End PBXGroup section */

/* Begin PBXNativeTarget section */
		4EE468AD256DA73B001CFC8E /* holidayCheckList */ = {
			isa = PBXNativeTarget;
			buildConfigurationList = 4EE468D8256DA73E001CFC8E /* Build configuration list for PBXNativeTarget "holidayCheckList" */;
			buildPhases = (
				CAC70E59D0BF1A611E3C8121 /* [CP] Check Pods Manifest.lock */,
				4EE468AA256DA73B001CFC8E /* Sources */,
				4EE468AB256DA73B001CFC8E /* Frameworks */,
				4EE468AC256DA73B001CFC8E /* Resources */,
				B90638702D52805E1536B315 /* [CP] Embed Pods Frameworks */,
			);
			buildRules = (
			);
			dependencies = (
			);
			name = holidayCheckList;
			productName = holidayCheckList;
			productReference = 4EE468AE256DA73B001CFC8E /* holidayCheckList.app */;
			productType = "com.apple.product-type.application";
		};
		4EE468C3256DA73E001CFC8E /* holidayCheckListTests */ = {
			isa = PBXNativeTarget;
			buildConfigurationList = 4EE468DB256DA73E001CFC8E /* Build configuration list for PBXNativeTarget "holidayCheckListTests" */;
			buildPhases = (
				662CA60B88DA2691E1E7766E /* [CP] Check Pods Manifest.lock */,
				4EE468C0256DA73E001CFC8E /* Sources */,
				4EE468C1256DA73E001CFC8E /* Frameworks */,
				4EE468C2256DA73E001CFC8E /* Resources */,
				534DCD430D09EF2B321E0491 /* [CP] Embed Pods Frameworks */,
			);
			buildRules = (
			);
			dependencies = (
				4EE468C6256DA73E001CFC8E /* PBXTargetDependency */,
			);
			name = holidayCheckListTests;
			productName = holidayCheckListTests;
			productReference = 4EE468C4256DA73E001CFC8E /* holidayCheckListTests.xctest */;
			productType = "com.apple.product-type.bundle.unit-test";
		};
		4EE468CE256DA73E001CFC8E /* holidayCheckListUITests */ = {
			isa = PBXNativeTarget;
			buildConfigurationList = 4EE468DE256DA73E001CFC8E /* Build configuration list for PBXNativeTarget "holidayCheckListUITests" */;
			buildPhases = (
				B5F8FF15153D5C728820E31B /* [CP] Check Pods Manifest.lock */,
				4EE468CB256DA73E001CFC8E /* Sources */,
				4EE468CC256DA73E001CFC8E /* Frameworks */,
				4EE468CD256DA73E001CFC8E /* Resources */,
				02C351C0889DD954468968B7 /* [CP] Embed Pods Frameworks */,
			);
			buildRules = (
			);
			dependencies = (
				4EE468D1256DA73E001CFC8E /* PBXTargetDependency */,
			);
			name = holidayCheckListUITests;
			productName = holidayCheckListUITests;
			productReference = 4EE468CF256DA73E001CFC8E /* holidayCheckListUITests.xctest */;
			productType = "com.apple.product-type.bundle.ui-testing";
		};
/* End PBXNativeTarget section */

/* Begin PBXProject section */
		4EE468A6256DA73B001CFC8E /* Project object */ = {
			isa = PBXProject;
			attributes = {
				LastSwiftUpdateCheck = 1220;
				LastUpgradeCheck = 1220;
				TargetAttributes = {
					4EE468AD256DA73B001CFC8E = {
						CreatedOnToolsVersion = 12.2;
					};
					4EE468C3256DA73E001CFC8E = {
						CreatedOnToolsVersion = 12.2;
						TestTargetID = 4EE468AD256DA73B001CFC8E;
					};
					4EE468CE256DA73E001CFC8E = {
						CreatedOnToolsVersion = 12.2;
						TestTargetID = 4EE468AD256DA73B001CFC8E;
					};
				};
			};
			buildConfigurationList = 4EE468A9256DA73B001CFC8E /* Build configuration list for PBXProject "holidayCheckList" */;
			compatibilityVersion = "Xcode 9.3";
			developmentRegion = en;
			hasScannedForEncodings = 0;
			knownRegions = (
				en,
				Base,
			);
			mainGroup = 4EE468A5256DA73B001CFC8E;
			productRefGroup = 4EE468AF256DA73B001CFC8E /* Products */;
			projectDirPath = "";
			projectRoot = "";
			targets = (
				4EE468AD256DA73B001CFC8E /* holidayCheckList */,
				4EE468C3256DA73E001CFC8E /* holidayCheckListTests */,
				4EE468CE256DA73E001CFC8E /* holidayCheckListUITests */,
			);
		};
/* End PBXProject section */

/* Begin PBXResourcesBuildPhase section */
		4EE468AC256DA73B001CFC8E /* Resources */ = {
			isa = PBXResourcesBuildPhase;
			buildActionMask = 2147483647;
			files = (
				4EE468BE256DA73E001CFC8E /* LaunchScreen.storyboard in Resources */,
				4EE468BB256DA73E001CFC8E /* Assets.xcassets in Resources */,
				4EE468B9256DA73B001CFC8E /* Main.storyboard in Resources */,
			);
			runOnlyForDeploymentPostprocessing = 0;
		};
		4EE468C2256DA73E001CFC8E /* Resources */ = {
			isa = PBXResourcesBuildPhase;
			buildActionMask = 2147483647;
			files = (
			);
			runOnlyForDeploymentPostprocessing = 0;
		};
		4EE468CD256DA73E001CFC8E /* Resources */ = {
			isa = PBXResourcesBuildPhase;
			buildActionMask = 2147483647;
			files = (
			);
			runOnlyForDeploymentPostprocessing = 0;
		};
/* End PBXResourcesBuildPhase section */

/* Begin PBXShellScriptBuildPhase section */
		02C351C0889DD954468968B7 /* [CP] Embed Pods Frameworks */ = {
			isa = PBXShellScriptBuildPhase;
			buildActionMask = 2147483647;
			files = (
			);
			inputFileListPaths = (
				"${PODS_ROOT}/Target Support Files/Pods-holidayCheckList-holidayCheckListUITests/Pods-holidayCheckList-holidayCheckListUITests-frameworks-${CONFIGURATION}-input-files.xcfilelist",
			);
			name = "[CP] Embed Pods Frameworks";
			outputFileListPaths = (
				"${PODS_ROOT}/Target Support Files/Pods-holidayCheckList-holidayCheckListUITests/Pods-holidayCheckList-holidayCheckListUITests-frameworks-${CONFIGURATION}-output-files.xcfilelist",
			);
			runOnlyForDeploymentPostprocessing = 0;
			shellPath = /bin/sh;
			shellScript = "\"${PODS_ROOT}/Target Support Files/Pods-holidayCheckList-holidayCheckListUITests/Pods-holidayCheckList-holidayCheckListUITests-frameworks.sh\"\n";
			showEnvVarsInLog = 0;
		};
		534DCD430D09EF2B321E0491 /* [CP] Embed Pods Frameworks */ = {
			isa = PBXShellScriptBuildPhase;
			buildActionMask = 2147483647;
			files = (
			);
			inputFileListPaths = (
				"${PODS_ROOT}/Target Support Files/Pods-holidayCheckListTests/Pods-holidayCheckListTests-frameworks-${CONFIGURATION}-input-files.xcfilelist",
			);
			name = "[CP] Embed Pods Frameworks";
			outputFileListPaths = (
				"${PODS_ROOT}/Target Support Files/Pods-holidayCheckListTests/Pods-holidayCheckListTests-frameworks-${CONFIGURATION}-output-files.xcfilelist",
			);
			runOnlyForDeploymentPostprocessing = 0;
			shellPath = /bin/sh;
			shellScript = "\"${PODS_ROOT}/Target Support Files/Pods-holidayCheckListTests/Pods-holidayCheckListTests-frameworks.sh\"\n";
			showEnvVarsInLog = 0;
		};
		662CA60B88DA2691E1E7766E /* [CP] Check Pods Manifest.lock */ = {
			isa = PBXShellScriptBuildPhase;
			buildActionMask = 2147483647;
			files = (
			);
			inputFileListPaths = (
			);
			inputPaths = (
				"${PODS_PODFILE_DIR_PATH}/Podfile.lock",
				"${PODS_ROOT}/Manifest.lock",
			);
			name = "[CP] Check Pods Manifest.lock";
			outputFileListPaths = (
			);
			outputPaths = (
				"$(DERIVED_FILE_DIR)/Pods-holidayCheckListTests-checkManifestLockResult.txt",
			);
			runOnlyForDeploymentPostprocessing = 0;
			shellPath = /bin/sh;
			shellScript = "diff \"${PODS_PODFILE_DIR_PATH}/Podfile.lock\" \"${PODS_ROOT}/Manifest.lock\" > /dev/null\nif [ $? != 0 ] ; then\n    # print error to STDERR\n    echo \"error: The sandbox is not in sync with the Podfile.lock. Run 'pod install' or update your CocoaPods installation.\" >&2\n    exit 1\nfi\n# This output is used by Xcode 'outputs' to avoid re-running this script phase.\necho \"SUCCESS\" > \"${SCRIPT_OUTPUT_FILE_0}\"\n";
			showEnvVarsInLog = 0;
		};
		B5F8FF15153D5C728820E31B /* [CP] Check Pods Manifest.lock */ = {
			isa = PBXShellScriptBuildPhase;
			buildActionMask = 2147483647;
			files = (
			);
			inputFileListPaths = (
			);
			inputPaths = (
				"${PODS_PODFILE_DIR_PATH}/Podfile.lock",
				"${PODS_ROOT}/Manifest.lock",
			);
			name = "[CP] Check Pods Manifest.lock";
			outputFileListPaths = (
			);
			outputPaths = (
				"$(DERIVED_FILE_DIR)/Pods-holidayCheckList-holidayCheckListUITests-checkManifestLockResult.txt",
			);
			runOnlyForDeploymentPostprocessing = 0;
			shellPath = /bin/sh;
			shellScript = "diff \"${PODS_PODFILE_DIR_PATH}/Podfile.lock\" \"${PODS_ROOT}/Manifest.lock\" > /dev/null\nif [ $? != 0 ] ; then\n    # print error to STDERR\n    echo \"error: The sandbox is not in sync with the Podfile.lock. Run 'pod install' or update your CocoaPods installation.\" >&2\n    exit 1\nfi\n# This output is used by Xcode 'outputs' to avoid re-running this script phase.\necho \"SUCCESS\" > \"${SCRIPT_OUTPUT_FILE_0}\"\n";
			showEnvVarsInLog = 0;
		};
		B90638702D52805E1536B315 /* [CP] Embed Pods Frameworks */ = {
			isa = PBXShellScriptBuildPhase;
			buildActionMask = 2147483647;
			files = (
			);
			inputFileListPaths = (
				"${PODS_ROOT}/Target Support Files/Pods-holidayCheckList/Pods-holidayCheckList-frameworks-${CONFIGURATION}-input-files.xcfilelist",
			);
			name = "[CP] Embed Pods Frameworks";
			outputFileListPaths = (
				"${PODS_ROOT}/Target Support Files/Pods-holidayCheckList/Pods-holidayCheckList-frameworks-${CONFIGURATION}-output-files.xcfilelist",
			);
			runOnlyForDeploymentPostprocessing = 0;
			shellPath = /bin/sh;
			shellScript = "\"${PODS_ROOT}/Target Support Files/Pods-holidayCheckList/Pods-holidayCheckList-frameworks.sh\"\n";
			showEnvVarsInLog = 0;
		};
		CAC70E59D0BF1A611E3C8121 /* [CP] Check Pods Manifest.lock */ = {
			isa = PBXShellScriptBuildPhase;
			buildActionMask = 2147483647;
			files = (
			);
			inputFileListPaths = (
			);
			inputPaths = (
				"${PODS_PODFILE_DIR_PATH}/Podfile.lock",
				"${PODS_ROOT}/Manifest.lock",
			);
			name = "[CP] Check Pods Manifest.lock";
			outputFileListPaths = (
			);
			outputPaths = (
				"$(DERIVED_FILE_DIR)/Pods-holidayCheckList-checkManifestLockResult.txt",
			);
			runOnlyForDeploymentPostprocessing = 0;
			shellPath = /bin/sh;
			shellScript = "diff \"${PODS_PODFILE_DIR_PATH}/Podfile.lock\" \"${PODS_ROOT}/Manifest.lock\" > /dev/null\nif [ $? != 0 ] ; then\n    # print error to STDERR\n    echo \"error: The sandbox is not in sync with the Podfile.lock. Run 'pod install' or update your CocoaPods installation.\" >&2\n    exit 1\nfi\n# This output is used by Xcode 'outputs' to avoid re-running this script phase.\necho \"SUCCESS\" > \"${SCRIPT_OUTPUT_FILE_0}\"\n";
			showEnvVarsInLog = 0;
		};
/* End PBXShellScriptBuildPhase section */

/* Begin PBXSourcesBuildPhase section */
		4EE468AA256DA73B001CFC8E /* Sources */ = {
			isa = PBXSourcesBuildPhase;
			buildActionMask = 2147483647;
			files = (
				4EE468EF256DAD01001CFC8E /* Item.swift in Sources */,
				4EE468B6256DA73B001CFC8E /* ViewController.swift in Sources */,
				4EE468F7256DAE70001CFC8E /* CategoryTableViewController.swift in Sources */,
				4EE468B2256DA73B001CFC8E /* AppDelegate.swift in Sources */,
				4EE468FC256DAE82001CFC8E /* SwipeTableViewController.swift in Sources */,
				4EE468B4256DA73B001CFC8E /* SceneDelegate.swift in Sources */,
				4EB45FA9256DC4DB00A9D20D /* Category.swift in Sources */,
			);
			runOnlyForDeploymentPostprocessing = 0;
		};
		4EE468C0256DA73E001CFC8E /* Sources */ = {
			isa = PBXSourcesBuildPhase;
			buildActionMask = 2147483647;
			files = (
				4EE468C9256DA73E001CFC8E /* holidayCheckListTests.swift in Sources */,
			);
			runOnlyForDeploymentPostprocessing = 0;
		};
		4EE468CB256DA73E001CFC8E /* Sources */ = {
			isa = PBXSourcesBuildPhase;
			buildActionMask = 2147483647;
			files = (
				4EE468D4256DA73E001CFC8E /* holidayCheckListUITests.swift in Sources */,
			);
			runOnlyForDeploymentPostprocessing = 0;
		};
/* End PBXSourcesBuildPhase section */

/* Begin PBXTargetDependency section */
		4EE468C6256DA73E001CFC8E /* PBXTargetDependency */ = {
			isa = PBXTargetDependency;
			target = 4EE468AD256DA73B001CFC8E /* holidayCheckList */;
			targetProxy = 4EE468C5256DA73E001CFC8E /* PBXContainerItemProxy */;
		};
		4EE468D1256DA73E001CFC8E /* PBXTargetDependency */ = {
			isa = PBXTargetDependency;
			target = 4EE468AD256DA73B001CFC8E /* holidayCheckList */;
			targetProxy = 4EE468D0256DA73E001CFC8E /* PBXContainerItemProxy */;
		};
/* End PBXTargetDependency section */

/* Begin PBXVariantGroup section */
		4EE468B7256DA73B001CFC8E /* Main.storyboard */ = {
			isa = PBXVariantGroup;
			children = (
				4EE468B8256DA73B001CFC8E /* Base */,
			);
			name = Main.storyboard;
			sourceTree = "<group>";
		};
		4EE468BC256DA73E001CFC8E /* LaunchScreen.storyboard */ = {
			isa = PBXVariantGroup;
			children = (
				4EE468BD256DA73E001CFC8E /* Base */,
			);
			name = LaunchScreen.storyboard;
			sourceTree = "<group>";
		};
/* End PBXVariantGroup section */

/* Begin XCBuildConfiguration section */
		4EE468D6256DA73E001CFC8E /* Debug */ = {
			isa = XCBuildConfiguration;
			buildSettings = {
				ALWAYS_SEARCH_USER_PATHS = NO;
				CLANG_ANALYZER_NONNULL = YES;
				CLANG_ANALYZER_NUMBER_OBJECT_CONVERSION = YES_AGGRESSIVE;
				CLANG_CXX_LANGUAGE_STANDARD = "gnu++14";
				CLANG_CXX_LIBRARY = "libc++";
				CLANG_ENABLE_MODULES = YES;
				CLANG_ENABLE_OBJC_ARC = YES;
				CLANG_ENABLE_OBJC_WEAK = YES;
				CLANG_WARN_BLOCK_CAPTURE_AUTORELEASING = YES;
				CLANG_WARN_BOOL_CONVERSION = YES;
				CLANG_WARN_COMMA = YES;
				CLANG_WARN_CONSTANT_CONVERSION = YES;
				CLANG_WARN_DEPRECATED_OBJC_IMPLEMENTATIONS = YES;
				CLANG_WARN_DIRECT_OBJC_ISA_USAGE = YES_ERROR;
				CLANG_WARN_DOCUMENTATION_COMMENTS = YES;
				CLANG_WARN_EMPTY_BODY = YES;
				CLANG_WARN_ENUM_CONVERSION = YES;
				CLANG_WARN_INFINITE_RECURSION = YES;
				CLANG_WARN_INT_CONVERSION = YES;
				CLANG_WARN_NON_LITERAL_NULL_CONVERSION = YES;
				CLANG_WARN_OBJC_IMPLICIT_RETAIN_SELF = YES;
				CLANG_WARN_OBJC_LITERAL_CONVERSION = YES;
				CLANG_WARN_OBJC_ROOT_CLASS = YES_ERROR;
				CLANG_WARN_QUOTED_INCLUDE_IN_FRAMEWORK_HEADER = YES;
				CLANG_WARN_RANGE_LOOP_ANALYSIS = YES;
				CLANG_WARN_STRICT_PROTOTYPES = YES;
				CLANG_WARN_SUSPICIOUS_MOVE = YES;
				CLANG_WARN_UNGUARDED_AVAILABILITY = YES_AGGRESSIVE;
				CLANG_WARN_UNREACHABLE_CODE = YES;
				CLANG_WARN__DUPLICATE_METHOD_MATCH = YES;
				COPY_PHASE_STRIP = NO;
				DEBUG_INFORMATION_FORMAT = dwarf;
				ENABLE_STRICT_OBJC_MSGSEND = YES;
				ENABLE_TESTABILITY = YES;
				GCC_C_LANGUAGE_STANDARD = gnu11;
				GCC_DYNAMIC_NO_PIC = NO;
				GCC_NO_COMMON_BLOCKS = YES;
				GCC_OPTIMIZATION_LEVEL = 0;
				GCC_PREPROCESSOR_DEFINITIONS = (
					"DEBUG=1",
					"$(inherited)",
				);
				GCC_WARN_64_TO_32_BIT_CONVERSION = YES;
				GCC_WARN_ABOUT_RETURN_TYPE = YES_ERROR;
				GCC_WARN_UNDECLARED_SELECTOR = YES;
				GCC_WARN_UNINITIALIZED_AUTOS = YES_AGGRESSIVE;
				GCC_WARN_UNUSED_FUNCTION = YES;
				GCC_WARN_UNUSED_VARIABLE = YES;
				IPHONEOS_DEPLOYMENT_TARGET = 14.2;
				MTL_ENABLE_DEBUG_INFO = INCLUDE_SOURCE;
				MTL_FAST_MATH = YES;
				ONLY_ACTIVE_ARCH = YES;
				SDKROOT = iphoneos;
				SWIFT_ACTIVE_COMPILATION_CONDITIONS = DEBUG;
				SWIFT_OPTIMIZATION_LEVEL = "-Onone";
			};
			name = Debug;
		};
		4EE468D7256DA73E001CFC8E /* Release */ = {
			isa = XCBuildConfiguration;
			buildSettings = {
				ALWAYS_SEARCH_USER_PATHS = NO;
				CLANG_ANALYZER_NONNULL = YES;
				CLANG_ANALYZER_NUMBER_OBJECT_CONVERSION = YES_AGGRESSIVE;
				CLANG_CXX_LANGUAGE_STANDARD = "gnu++14";
				CLANG_CXX_LIBRARY = "libc++";
				CLANG_ENABLE_MODULES = YES;
				CLANG_ENABLE_OBJC_ARC = YES;
				CLANG_ENABLE_OBJC_WEAK = YES;
				CLANG_WARN_BLOCK_CAPTURE_AUTORELEASING = YES;
				CLANG_WARN_BOOL_CONVERSION = YES;
				CLANG_WARN_COMMA = YES;
				CLANG_WARN_CONSTANT_CONVERSION = YES;
				CLANG_WARN_DEPRECATED_OBJC_IMPLEMENTATIONS = YES;
				CLANG_WARN_DIRECT_OBJC_ISA_USAGE = YES_ERROR;
				CLANG_WARN_DOCUMENTATION_COMMENTS = YES;
				CLANG_WARN_EMPTY_BODY = YES;
				CLANG_WARN_ENUM_CONVERSION = YES;
				CLANG_WARN_INFINITE_RECURSION = YES;
				CLANG_WARN_INT_CONVERSION = YES;
				CLANG_WARN_NON_LITERAL_NULL_CONVERSION = YES;
				CLANG_WARN_OBJC_IMPLICIT_RETAIN_SELF = YES;
				CLANG_WARN_OBJC_LITERAL_CONVERSION = YES;
				CLANG_WARN_OBJC_ROOT_CLASS = YES_ERROR;
				CLANG_WARN_QUOTED_INCLUDE_IN_FRAMEWORK_HEADER = YES;
				CLANG_WARN_RANGE_LOOP_ANALYSIS = YES;
				CLANG_WARN_STRICT_PROTOTYPES = YES;
				CLANG_WARN_SUSPICIOUS_MOVE = YES;
				CLANG_WARN_UNGUARDED_AVAILABILITY = YES_AGGRESSIVE;
				CLANG_WARN_UNREACHABLE_CODE = YES;
				CLANG_WARN__DUPLICATE_METHOD_MATCH = YES;
				COPY_PHASE_STRIP = NO;
				DEBUG_INFORMATION_FORMAT = "dwarf-with-dsym";
				ENABLE_NS_ASSERTIONS = NO;
				ENABLE_STRICT_OBJC_MSGSEND = YES;
				GCC_C_LANGUAGE_STANDARD = gnu11;
				GCC_NO_COMMON_BLOCKS = YES;
				GCC_WARN_64_TO_32_BIT_CONVERSION = YES;
				GCC_WARN_ABOUT_RETURN_TYPE = YES_ERROR;
				GCC_WARN_UNDECLARED_SELECTOR = YES;
				GCC_WARN_UNINITIALIZED_AUTOS = YES_AGGRESSIVE;
				GCC_WARN_UNUSED_FUNCTION = YES;
				GCC_WARN_UNUSED_VARIABLE = YES;
				IPHONEOS_DEPLOYMENT_TARGET = 14.2;
				MTL_ENABLE_DEBUG_INFO = NO;
				MTL_FAST_MATH = YES;
				SDKROOT = iphoneos;
				SWIFT_COMPILATION_MODE = wholemodule;
				SWIFT_OPTIMIZATION_LEVEL = "-O";
				VALIDATE_PRODUCT = YES;
			};
			name = Release;
		};
		4EE468D9256DA73E001CFC8E /* Debug */ = {
			isa = XCBuildConfiguration;
			baseConfigurationReference = B2D48DDAA19077A647CB0BFE /* Pods-holidayCheckList.debug.xcconfig */;
			buildSettings = {
				ASSETCATALOG_COMPILER_APPICON_NAME = AppIcon;
				ASSETCATALOG_COMPILER_GLOBAL_ACCENT_COLOR_NAME = AccentColor;
				CODE_SIGN_STYLE = Automatic;
				DEVELOPMENT_TEAM = LFMS75S557;
				INFOPLIST_FILE = holidayCheckList/Info.plist;
				LD_RUNPATH_SEARCH_PATHS = (
					"$(inherited)",
					"@executable_path/Frameworks",
				);
				PRODUCT_BUNDLE_IDENTIFIER = com.barnoldcoding.holidayCheckList;
				PRODUCT_NAME = "$(TARGET_NAME)";
				SWIFT_VERSION = 5.0;
				TARGETED_DEVICE_FAMILY = "1,2";
			};
			name = Debug;
		};
		4EE468DA256DA73E001CFC8E /* Release */ = {
			isa = XCBuildConfiguration;
			baseConfigurationReference = 2ECEFE87AC34AB59CF2DFDF4 /* Pods-holidayCheckList.release.xcconfig */;
			buildSettings = {
				ASSETCATALOG_COMPILER_APPICON_NAME = AppIcon;
				ASSETCATALOG_COMPILER_GLOBAL_ACCENT_COLOR_NAME = AccentColor;
				CODE_SIGN_STYLE = Automatic;
				DEVELOPMENT_TEAM = LFMS75S557;
				INFOPLIST_FILE = holidayCheckList/Info.plist;
				LD_RUNPATH_SEARCH_PATHS = (
					"$(inherited)",
					"@executable_path/Frameworks",
				);
				PRODUCT_BUNDLE_IDENTIFIER = com.barnoldcoding.holidayCheckList;
				PRODUCT_NAME = "$(TARGET_NAME)";
				SWIFT_VERSION = 5.0;
				TARGETED_DEVICE_FAMILY = "1,2";
			};
			name = Release;
		};
		4EE468DC256DA73E001CFC8E /* Debug */ = {
			isa = XCBuildConfiguration;
			baseConfigurationReference = 8796FD04556F6F06BAEA5929 /* Pods-holidayCheckListTests.debug.xcconfig */;
			buildSettings = {
				ALWAYS_EMBED_SWIFT_STANDARD_LIBRARIES = YES;
				BUNDLE_LOADER = "$(TEST_HOST)";
				CODE_SIGN_STYLE = Automatic;
				DEVELOPMENT_TEAM = LFMS75S557;
				INFOPLIST_FILE = holidayCheckListTests/Info.plist;
				IPHONEOS_DEPLOYMENT_TARGET = 14.2;
				LD_RUNPATH_SEARCH_PATHS = (
					"$(inherited)",
					"@executable_path/Frameworks",
					"@loader_path/Frameworks",
				);
				PRODUCT_BUNDLE_IDENTIFIER = com.barnoldcoding.holidayCheckListTests;
				PRODUCT_NAME = "$(TARGET_NAME)";
				SWIFT_VERSION = 5.0;
				TARGETED_DEVICE_FAMILY = "1,2";
				TEST_HOST = "$(BUILT_PRODUCTS_DIR)/holidayCheckList.app/holidayCheckList";
			};
			name = Debug;
		};
		4EE468DD256DA73E001CFC8E /* Release */ = {
			isa = XCBuildConfiguration;
			baseConfigurationReference = E78BFD0EF57556AFE22C3625 /* Pods-holidayCheckListTests.release.xcconfig */;
			buildSettings = {
				ALWAYS_EMBED_SWIFT_STANDARD_LIBRARIES = YES;
				BUNDLE_LOADER = "$(TEST_HOST)";
				CODE_SIGN_STYLE = Automatic;
				DEVELOPMENT_TEAM = LFMS75S557;
				INFOPLIST_FILE = holidayCheckListTests/Info.plist;
				IPHONEOS_DEPLOYMENT_TARGET = 14.2;
				LD_RUNPATH_SEARCH_PATHS = (
					"$(inherited)",
					"@executable_path/Frameworks",
					"@loader_path/Frameworks",
				);
				PRODUCT_BUNDLE_IDENTIFIER = com.barnoldcoding.holidayCheckListTests;
				PRODUCT_NAME = "$(TARGET_NAME)";
				SWIFT_VERSION = 5.0;
				TARGETED_DEVICE_FAMILY = "1,2";
				TEST_HOST = "$(BUILT_PRODUCTS_DIR)/holidayCheckList.app/holidayCheckList";
			};
			name = Release;
		};
		4EE468DF256DA73E001CFC8E /* Debug */ = {
			isa = XCBuildConfiguration;
			baseConfigurationReference = 03DC887CBF2FB561118914D3 /* Pods-holidayCheckList-holidayCheckListUITests.debug.xcconfig */;
			buildSettings = {
				ALWAYS_EMBED_SWIFT_STANDARD_LIBRARIES = YES;
				CODE_SIGN_STYLE = Automatic;
				DEVELOPMENT_TEAM = LFMS75S557;
				INFOPLIST_FILE = holidayCheckListUITests/Info.plist;
				LD_RUNPATH_SEARCH_PATHS = (
					"$(inherited)",
					"@executable_path/Frameworks",
					"@loader_path/Frameworks",
				);
				PRODUCT_BUNDLE_IDENTIFIER = com.barnoldcoding.holidayCheckListUITests;
				PRODUCT_NAME = "$(TARGET_NAME)";
				SWIFT_VERSION = 5.0;
				TARGETED_DEVICE_FAMILY = "1,2";
				TEST_TARGET_NAME = holidayCheckList;
			};
			name = Debug;
		};
		4EE468E0256DA73E001CFC8E /* Release */ = {
			isa = XCBuildConfiguration;
			baseConfigurationReference = 294126773BA9C8A529ADDE16 /* Pods-holidayCheckList-holidayCheckListUITests.release.xcconfig */;
			buildSettings = {
				ALWAYS_EMBED_SWIFT_STANDARD_LIBRARIES = YES;
				CODE_SIGN_STYLE = Automatic;
				DEVELOPMENT_TEAM = LFMS75S557;
				INFOPLIST_FILE = holidayCheckListUITests/Info.plist;
				LD_RUNPATH_SEARCH_PATHS = (
					"$(inherited)",
					"@executable_path/Frameworks",
					"@loader_path/Frameworks",
				);
				PRODUCT_BUNDLE_IDENTIFIER = com.barnoldcoding.holidayCheckListUITests;
				PRODUCT_NAME = "$(TARGET_NAME)";
				SWIFT_VERSION = 5.0;
				TARGETED_DEVICE_FAMILY = "1,2";
				TEST_TARGET_NAME = holidayCheckList;
			};
			name = Release;
		};
/* End XCBuildConfiguration section */

/* Begin XCConfigurationList section */
		4EE468A9256DA73B001CFC8E /* Build configuration list for PBXProject "holidayCheckList" */ = {
			isa = XCConfigurationList;
			buildConfigurations = (
				4EE468D6256DA73E001CFC8E /* Debug */,
				4EE468D7256DA73E001CFC8E /* Release */,
			);
			defaultConfigurationIsVisible = 0;
			defaultConfigurationName = Release;
		};
		4EE468D8256DA73E001CFC8E /* Build configuration list for PBXNativeTarget "holidayCheckList" */ = {
			isa = XCConfigurationList;
			buildConfigurations = (
				4EE468D9256DA73E001CFC8E /* Debug */,
				4EE468DA256DA73E001CFC8E /* Release */,
			);
			defaultConfigurationIsVisible = 0;
			defaultConfigurationName = Release;
		};
		4EE468DB256DA73E001CFC8E /* Build configuration list for PBXNativeTarget "holidayCheckListTests" */ = {
			isa = XCConfigurationList;
			buildConfigurations = (
				4EE468DC256DA73E001CFC8E /* Debug */,
				4EE468DD256DA73E001CFC8E /* Release */,
			);
			defaultConfigurationIsVisible = 0;
			defaultConfigurationName = Release;
		};
		4EE468DE256DA73E001CFC8E /* Build configuration list for PBXNativeTarget "holidayCheckListUITests" */ = {
			isa = XCConfigurationList;
			buildConfigurations = (
				4EE468DF256DA73E001CFC8E /* Debug */,
				4EE468E0256DA73E001CFC8E /* Release */,
			);
			defaultConfigurationIsVisible = 0;
			defaultConfigurationName = Release;
		};
/* End XCConfigurationList section */
	};
	rootObject = 4EE468A6256DA73B001CFC8E /* Project object */;
}
